
Microsoft Visual Studio Solution File, Format Version 12.00
# Visual Studio Version 16
VisualStudioVersion = 16.0.28803.352
MinimumVisualStudioVersion = 10.0.40219.1
Project("{2150E333-8FDC-42A3-9474-1A3956D46DE8}") = "src", "src", "{DE128282-98C6-4A61-B169-A06D639BA37D}"
EndProject
Project("{2150E333-8FDC-42A3-9474-1A3956D46DE8}") = "test", "test", "{D76EE8E9-C493-4451-91FA-8E5BAB3DF8FC}"
EndProject
Project("{2150E333-8FDC-42A3-9474-1A3956D46DE8}") = "ApiGateways", "ApiGateways", "{0287FD4A-AA99-461B-AF37-E323F54D6F59}"
EndProject
Project("{2150E333-8FDC-42A3-9474-1A3956D46DE8}") = "Services", "Services", "{CB80F074-F0AC-47BA-B9DC-97A1E97C6E0F}"
EndProject
Project("{2150E333-8FDC-42A3-9474-1A3956D46DE8}") = "Escambo", "Escambo", "{761E1909-6098-4739-85E8-098A6DDC2B25}"
EndProject
Project("{9A19103F-16F7-4668-BE54-9A1E7A4F7556}") = "Escambo.Domain", "src\ApiGateways\Escambo\Escambo.Domain\Escambo.Domain.csproj", "{36BA38BF-0323-47EE-BDA0-5655990AA068}"
EndProject
Project("{FAE04EC0-301F-11D3-BF4B-00C04F79EFBC}") = "Escambo.Domain.Core", "src\ApiGateways\Escambo\Escambo.Domain.Core\Escambo.Domain.Core.csproj", "{11EC3FF1-6963-46A4-8AAF-452972586FC4}"
EndProject
Project("{9A19103F-16F7-4668-BE54-9A1E7A4F7556}") = "Escambo.Application", "src\ApiGateways\Escambo\Escambo.Application\Escambo.Application.csproj", "{271D0FD6-0829-49F4-A7FF-022811DE8CE3}"
EndProject
Project("{9A19103F-16F7-4668-BE54-9A1E7A4F7556}") = "Escambo.Infra.CrossCutting.IoC", "src\ApiGateways\Escambo\Escambo.Infra.CrossCutting.IoC\Escambo.Infra.CrossCutting.IoC.csproj", "{2F0CFC6B-E811-4F94-90BD-BE3EE167A63E}"
EndProject
Project("{9A19103F-16F7-4668-BE54-9A1E7A4F7556}") = "Escambo.Infra.Data", "src\ApiGateways\Escambo\Escambo.Infra.Data\Escambo.Infra.Data.csproj", "{5B72BCC6-C2E6-4F13-81B6-91AD0DE6B2FA}"
EndProject
Project("{9A19103F-16F7-4668-BE54-9A1E7A4F7556}") = "Escambo.Services.Api", "src\ApiGateways\Escambo\Escambo.Services.Api\Escambo.Services.Api.csproj", "{7D274599-4C4A-4B48-A265-58579FF47C92}"
EndProject
Project("{2150E333-8FDC-42A3-9474-1A3956D46DE8}") = "Barter", "Barter", "{CD034E99-3F16-4AED-B014-FD4217887708}"
EndProject
Project("{2150E333-8FDC-42A3-9474-1A3956D46DE8}") = "User", "User", "{5E1EEE4D-EE8A-48B4-B19A-034CBDE60231}"
EndProject
Project("{9A19103F-16F7-4668-BE54-9A1E7A4F7556}") = "User.Application", "src\Services\User\User.Application\User.Application.csproj", "{798CF82E-2235-4CDF-9919-5D0660277920}"
EndProject
Project("{9A19103F-16F7-4668-BE54-9A1E7A4F7556}") = "User.Domain", "src\Services\User\User.Domain\User.Domain.csproj", "{C5071C00-BC0E-4AD3-BB06-07D063CB7151}"
EndProject
Project("{9A19103F-16F7-4668-BE54-9A1E7A4F7556}") = "User.Domain.Core", "src\Services\User\User.Domain.Core\User.Domain.Core.csproj", "{1A12A16F-CE86-42DF-9436-BFA30ADEC3AB}"
EndProject
Project("{9A19103F-16F7-4668-BE54-9A1E7A4F7556}") = "User.Infra.Data", "src\Services\User\User.Infra.Data\User.Infra.Data.csproj", "{55B002EE-7890-4478-B331-EB132093B279}"
EndProject
Project("{FAE04EC0-301F-11D3-BF4B-00C04F79EFBC}") = "User.Services.Api", "src\Services\User\User.Services.Api\User.Services.Api.csproj", "{5BD02910-3B82-4FA1-97CA-FA9CE56F9A90}"
EndProject
Global
	GlobalSection(SolutionConfigurationPlatforms) = preSolution
		Debug|Any CPU = Debug|Any CPU
		Release|Any CPU = Release|Any CPU
	EndGlobalSection
	GlobalSection(ProjectConfigurationPlatforms) = postSolution
		{36BA38BF-0323-47EE-BDA0-5655990AA068}.Debug|Any CPU.ActiveCfg = Debug|Any CPU
		{36BA38BF-0323-47EE-BDA0-5655990AA068}.Debug|Any CPU.Build.0 = Debug|Any CPU
		{36BA38BF-0323-47EE-BDA0-5655990AA068}.Release|Any CPU.ActiveCfg = Release|Any CPU
		{36BA38BF-0323-47EE-BDA0-5655990AA068}.Release|Any CPU.Build.0 = Release|Any CPU
		{11EC3FF1-6963-46A4-8AAF-452972586FC4}.Debug|Any CPU.ActiveCfg = Debug|Any CPU
		{11EC3FF1-6963-46A4-8AAF-452972586FC4}.Debug|Any CPU.Build.0 = Debug|Any CPU
		{11EC3FF1-6963-46A4-8AAF-452972586FC4}.Release|Any CPU.ActiveCfg = Release|Any CPU
		{11EC3FF1-6963-46A4-8AAF-452972586FC4}.Release|Any CPU.Build.0 = Release|Any CPU
		{271D0FD6-0829-49F4-A7FF-022811DE8CE3}.Debug|Any CPU.ActiveCfg = Debug|Any CPU
		{271D0FD6-0829-49F4-A7FF-022811DE8CE3}.Debug|Any CPU.Build.0 = Debug|Any CPU
		{271D0FD6-0829-49F4-A7FF-022811DE8CE3}.Release|Any CPU.ActiveCfg = Release|Any CPU
		{271D0FD6-0829-49F4-A7FF-022811DE8CE3}.Release|Any CPU.Build.0 = Release|Any CPU
		{2F0CFC6B-E811-4F94-90BD-BE3EE167A63E}.Debug|Any CPU.ActiveCfg = Debug|Any CPU
		{2F0CFC6B-E811-4F94-90BD-BE3EE167A63E}.Debug|Any CPU.Build.0 = Debug|Any CPU
		{2F0CFC6B-E811-4F94-90BD-BE3EE167A63E}.Release|Any CPU.ActiveCfg = Release|Any CPU
		{2F0CFC6B-E811-4F94-90BD-BE3EE167A63E}.Release|Any CPU.Build.0 = Release|Any CPU
		{5B72BCC6-C2E6-4F13-81B6-91AD0DE6B2FA}.Debug|Any CPU.ActiveCfg = Debug|Any CPU
		{5B72BCC6-C2E6-4F13-81B6-91AD0DE6B2FA}.Debug|Any CPU.Build.0 = Debug|Any CPU
		{5B72BCC6-C2E6-4F13-81B6-91AD0DE6B2FA}.Release|Any CPU.ActiveCfg = Release|Any CPU
		{5B72BCC6-C2E6-4F13-81B6-91AD0DE6B2FA}.Release|Any CPU.Build.0 = Release|Any CPU
		{7D274599-4C4A-4B48-A265-58579FF47C92}.Debug|Any CPU.ActiveCfg = Debug|Any CPU
		{7D274599-4C4A-4B48-A265-58579FF47C92}.Debug|Any CPU.Build.0 = Debug|Any CPU
		{7D274599-4C4A-4B48-A265-58579FF47C92}.Release|Any CPU.ActiveCfg = Release|Any CPU
		{7D274599-4C4A-4B48-A265-58579FF47C92}.Release|Any CPU.Build.0 = Release|Any CPU
		{798CF82E-2235-4CDF-9919-5D0660277920}.Debug|Any CPU.ActiveCfg = Debug|Any CPU
		{798CF82E-2235-4CDF-9919-5D0660277920}.Debug|Any CPU.Build.0 = Debug|Any CPU
		{798CF82E-2235-4CDF-9919-5D0660277920}.Release|Any CPU.ActiveCfg = Release|Any CPU
		{798CF82E-2235-4CDF-9919-5D0660277920}.Release|Any CPU.Build.0 = Release|Any CPU
		{C5071C00-BC0E-4AD3-BB06-07D063CB7151}.Debug|Any CPU.ActiveCfg = Debug|Any CPU
		{C5071C00-BC0E-4AD3-BB06-07D063CB7151}.Debug|Any CPU.Build.0 = Debug|Any CPU
		{C5071C00-BC0E-4AD3-BB06-07D063CB7151}.Release|Any CPU.ActiveCfg = Release|Any CPU
		{C5071C00-BC0E-4AD3-BB06-07D063CB7151}.Release|Any CPU.Build.0 = Release|Any CPU
		{1A12A16F-CE86-42DF-9436-BFA30ADEC3AB}.Debug|Any CPU.ActiveCfg = Debug|Any CPU
		{1A12A16F-CE86-42DF-9436-BFA30ADEC3AB}.Debug|Any CPU.Build.0 = Debug|Any CPU
		{1A12A16F-CE86-42DF-9436-BFA30ADEC3AB}.Release|Any CPU.ActiveCfg = Release|Any CPU
		{1A12A16F-CE86-42DF-9436-BFA30ADEC3AB}.Release|Any CPU.Build.0 = Release|Any CPU
		{55B002EE-7890-4478-B331-EB132093B279}.Debug|Any CPU.ActiveCfg = Debug|Any CPU
		{55B002EE-7890-4478-B331-EB132093B279}.Debug|Any CPU.Build.0 = Debug|Any CPU
		{55B002EE-7890-4478-B331-EB132093B279}.Release|Any CPU.ActiveCfg = Release|Any CPU
		{55B002EE-7890-4478-B331-EB132093B279}.Release|Any CPU.Build.0 = Release|Any CPU
		{5BD02910-3B82-4FA1-97CA-FA9CE56F9A90}.Debug|Any CPU.ActiveCfg = Debug|Any CPU
		{5BD02910-3B82-4FA1-97CA-FA9CE56F9A90}.Debug|Any CPU.Build.0 = Debug|Any CPU
		{5BD02910-3B82-4FA1-97CA-FA9CE56F9A90}.Release|Any CPU.ActiveCfg = Release|Any CPU
		{5BD02910-3B82-4FA1-97CA-FA9CE56F9A90}.Release|Any CPU.Build.0 = Release|Any CPU
	EndGlobalSection
	GlobalSection(SolutionProperties) = preSolution
		HideSolutionNode = FALSE
	EndGlobalSection
	GlobalSection(NestedProjects) = preSolution
		{0287FD4A-AA99-461B-AF37-E323F54D6F59} = {DE128282-98C6-4A61-B169-A06D639BA37D}
		{CB80F074-F0AC-47BA-B9DC-97A1E97C6E0F} = {DE128282-98C6-4A61-B169-A06D639BA37D}
		{761E1909-6098-4739-85E8-098A6DDC2B25} = {0287FD4A-AA99-461B-AF37-E323F54D6F59}
		{36BA38BF-0323-47EE-BDA0-5655990AA068} = {761E1909-6098-4739-85E8-098A6DDC2B25}
		{11EC3FF1-6963-46A4-8AAF-452972586FC4} = {761E1909-6098-4739-85E8-098A6DDC2B25}
		{271D0FD6-0829-49F4-A7FF-022811DE8CE3} = {761E1909-6098-4739-85E8-098A6DDC2B25}
		{2F0CFC6B-E811-4F94-90BD-BE3EE167A63E} = {761E1909-6098-4739-85E8-098A6DDC2B25}
		{5B72BCC6-C2E6-4F13-81B6-91AD0DE6B2FA} = {761E1909-6098-4739-85E8-098A6DDC2B25}
		{7D274599-4C4A-4B48-A265-58579FF47C92} = {761E1909-6098-4739-85E8-098A6DDC2B25}
		{CD034E99-3F16-4AED-B014-FD4217887708} = {CB80F074-F0AC-47BA-B9DC-97A1E97C6E0F}
		{5E1EEE4D-EE8A-48B4-B19A-034CBDE60231} = {CB80F074-F0AC-47BA-B9DC-97A1E97C6E0F}
		{798CF82E-2235-4CDF-9919-5D0660277920} = {5E1EEE4D-EE8A-48B4-B19A-034CBDE60231}
		{C5071C00-BC0E-4AD3-BB06-07D063CB7151} = {5E1EEE4D-EE8A-48B4-B19A-034CBDE60231}
		{1A12A16F-CE86-42DF-9436-BFA30ADEC3AB} = {5E1EEE4D-EE8A-48B4-B19A-034CBDE60231}
		{55B002EE-7890-4478-B331-EB132093B279} = {5E1EEE4D-EE8A-48B4-B19A-034CBDE60231}
		{5BD02910-3B82-4FA1-97CA-FA9CE56F9A90} = {5E1EEE4D-EE8A-48B4-B19A-034CBDE60231}
	EndGlobalSection
	GlobalSection(ExtensibilityGlobals) = postSolution
		SolutionGuid = {E0F339DE-EDFE-4399-AC4D-45A643C66586}
	EndGlobalSection
EndGlobal
